
Microsoft Visual Studio Solution File, Format Version 12.00
# Visual Studio 15
VisualStudioVersion = 15.0.27703.2018
MinimumVisualStudioVersion = 10.0.40219.1
Project("{9A19103F-16F7-4668-BE54-9A1E7A4F7556}") = "NoobotTrial", "NoobotTrial\NoobotTrial.csproj", "{D7AF0ACE-302B-4589-B16A-5B3D6EB21C75}"
EndProject
Project("{9A19103F-16F7-4668-BE54-9A1E7A4F7556}") = "NoobotTrial.Middleware.FlightFinder", "NoobotTrial.Middleware.FlightFinder\NoobotTrial.Middleware.FlightFinder.csproj", "{0537764E-C7C6-4F83-B6B8-5D3EF96A1FF0}"
EndProject
Project("{9A19103F-16F7-4668-BE54-9A1E7A4F7556}") = "NoobotTrial.Core", "NoobotTrial.Core\NoobotTrial.Core.csproj", "{7F5780FC-3EFC-40FD-9CAA-2D700A66D213}"
EndProject
Project("{9A19103F-16F7-4668-BE54-9A1E7A4F7556}") = "NoobotTrial.Middleware.FormattingDemo", "NoobotTrial.Middleware.FormattingDemo\NoobotTrial.Middleware.FormattingDemo.csproj", "{41C89E4C-4B8D-4387-BA05-856AE5455409}"
EndProject
Project("{9A19103F-16F7-4668-BE54-9A1E7A4F7556}") = "NoobotTrial.Middleware.Calculator", "NoobotTrial.Middleware.Calculator\NoobotTrial.Middleware.Calculator.csproj", "{71E44175-7298-4352-9BEF-65329971DAEC}"
EndProject
Project("{9A19103F-16F7-4668-BE54-9A1E7A4F7556}") = "NoobotTrial.Middleware.EnumerableDemo", "NoobotTrial.Middleware.EnumerableDemo\NoobotTrial.Middleware.EnumerableDemo.csproj", "{660F9650-3FBC-410F-BFDA-78DD3E3E06DB}"
EndProject
Project("{2150E333-8FDC-42A3-9474-1A3956D46DE8}") = "Solution Items", "Solution Items", "{76F055C5-2825-4D90-835B-FDC2B7229D78}"
	ProjectSection(SolutionItems) = preProject
		AppVeyor.yml = AppVeyor.yml
	EndProjectSection
EndProject
Global
	GlobalSection(SolutionConfigurationPlatforms) = preSolution
		Debug|Any CPU = Debug|Any CPU
		Release|Any CPU = Release|Any CPU
	EndGlobalSection
	GlobalSection(ProjectConfigurationPlatforms) = postSolution
		{D7AF0ACE-302B-4589-B16A-5B3D6EB21C75}.Debug|Any CPU.ActiveCfg = Debug|Any CPU
		{D7AF0ACE-302B-4589-B16A-5B3D6EB21C75}.Debug|Any CPU.Build.0 = Debug|Any CPU
		{D7AF0ACE-302B-4589-B16A-5B3D6EB21C75}.Release|Any CPU.ActiveCfg = Release|Any CPU
		{D7AF0ACE-302B-4589-B16A-5B3D6EB21C75}.Release|Any CPU.Build.0 = Release|Any CPU
		{0537764E-C7C6-4F83-B6B8-5D3EF96A1FF0}.Debug|Any CPU.ActiveCfg = Debug|Any CPU
		{0537764E-C7C6-4F83-B6B8-5D3EF96A1FF0}.Debug|Any CPU.Build.0 = Debug|Any CPU
		{0537764E-C7C6-4F83-B6B8-5D3EF96A1FF0}.Release|Any CPU.ActiveCfg = Release|Any CPU
		{0537764E-C7C6-4F83-B6B8-5D3EF96A1FF0}.Release|Any CPU.Build.0 = Release|Any CPU
		{7F5780FC-3EFC-40FD-9CAA-2D700A66D213}.Debug|Any CPU.ActiveCfg = Debug|Any CPU
		{7F5780FC-3EFC-40FD-9CAA-2D700A66D213}.Debug|Any CPU.Build.0 = Debug|Any CPU
		{7F5780FC-3EFC-40FD-9CAA-2D700A66D213}.Release|Any CPU.ActiveCfg = Release|Any CPU
		{7F5780FC-3EFC-40FD-9CAA-2D700A66D213}.Release|Any CPU.Build.0 = Release|Any CPU
		{41C89E4C-4B8D-4387-BA05-856AE5455409}.Debug|Any CPU.ActiveCfg = Debug|Any CPU
		{41C89E4C-4B8D-4387-BA05-856AE5455409}.Debug|Any CPU.Build.0 = Debug|Any CPU
		{41C89E4C-4B8D-4387-BA05-856AE5455409}.Release|Any CPU.ActiveCfg = Release|Any CPU
		{41C89E4C-4B8D-4387-BA05-856AE5455409}.Release|Any CPU.Build.0 = Release|Any CPU
		{71E44175-7298-4352-9BEF-65329971DAEC}.Debug|Any CPU.ActiveCfg = Debug|Any CPU
		{71E44175-7298-4352-9BEF-65329971DAEC}.Debug|Any CPU.Build.0 = Debug|Any CPU
		{71E44175-7298-4352-9BEF-65329971DAEC}.Release|Any CPU.ActiveCfg = Release|Any CPU
		{71E44175-7298-4352-9BEF-65329971DAEC}.Release|Any CPU.Build.0 = Release|Any CPU
		{660F9650-3FBC-410F-BFDA-78DD3E3E06DB}.Debug|Any CPU.ActiveCfg = Debug|Any CPU
		{660F9650-3FBC-410F-BFDA-78DD3E3E06DB}.Debug|Any CPU.Build.0 = Debug|Any CPU
		{660F9650-3FBC-410F-BFDA-78DD3E3E06DB}.Release|Any CPU.ActiveCfg = Release|Any CPU
		{660F9650-3FBC-410F-BFDA-78DD3E3E06DB}.Release|Any CPU.Build.0 = Release|Any CPU
	EndGlobalSection
	GlobalSection(SolutionProperties) = preSolution
		HideSolutionNode = FALSE
	EndGlobalSection
	GlobalSection(ExtensibilityGlobals) = postSolution
		SolutionGuid = {9D88DAD6-8E00-4F82-A26F-6A0B04DE4E67}
	EndGlobalSection
EndGlobal
